
Microsoft Visual Studio Solution File, Format Version 12.00
# Visual Studio 15
Project("{FAE04EC0-301F-11D3-BF4B-00C04F79EFBC}") = "PcapDotNet.Base", "PcapDotNet.Base\PcapDotNet.Base.csproj", "{3000A3C1-400A-4BC3-8F0C-5B364DD8B03A}"
EndProject
Project("{FAE04EC0-301F-11D3-BF4B-00C04F79EFBC}") = "PcapDotNet.Packets", "PcapDotNet.Packets\PcapDotNet.Packets.csproj", "{551D09A2-0DC9-4F2D-8366-B8D1FF60A9D9}"
EndProject
Global
	GlobalSection(SolutionConfigurationPlatforms) = preSolution
		Debug|Any CPU = Debug|Any CPU
		Release|Any CPU = Release|Any CPU
	EndGlobalSection
	GlobalSection(ProjectConfigurationPlatforms) = postSolution
		{3000A3C1-400A-4BC3-8F0C-5B364DD8B03A}.Debug|Any CPU.ActiveCfg = Debug|Any CPU
		{3000A3C1-400A-4BC3-8F0C-5B364DD8B03A}.Debug|Any CPU.Build.0 = Debug|Any CPU
		{3000A3C1-400A-4BC3-8F0C-5B364DD8B03A}.Release|Any CPU.ActiveCfg = Release|Any CPU
		{3000A3C1-400A-4BC3-8F0C-5B364DD8B03A}.Release|Any CPU.Build.0 = Release|Any CPU
		{551D09A2-0DC9-4F2D-8366-B8D1FF60A9D9}.Debug|Any CPU.ActiveCfg = Debug|Any CPU
		{551D09A2-0DC9-4F2D-8366-B8D1FF60A9D9}.Debug|Any CPU.Build.0 = Debug|Any CPU
		{551D09A2-0DC9-4F2D-8366-B8D1FF60A9D9}.Release|Any CPU.ActiveCfg = Release|Any CPU
		{551D09A2-0DC9-4F2D-8366-B8D1FF60A9D9}.Release|Any CPU.Build.0 = Release|Any CPU
	EndGlobalSection
EndGlobal
